
Microsoft Visual Studio Solution File, Format Version 12.00
# Visual Studio 14
VisualStudioVersion = 14.0.23107.0
MinimumVisualStudioVersion = 10.0.40219.1
Project("{F14B399A-7131-4C87-9E4B-1186C45EF12D}") = "Report Project4", "Report Project4\Report Project4.rptproj", "{A5EAA82B-E666-4324-9D4F-B28163223A73}"
EndProject
Global
	GlobalSection(SolutionConfigurationPlatforms) = preSolution
		Debug|Default = Debug|Default
		DebugLocal|Default = DebugLocal|Default
		Release|Default = Release|Default
	EndGlobalSection
	GlobalSection(ProjectConfigurationPlatforms) = postSolution
		{A5EAA82B-E666-4324-9D4F-B28163223A73}.Debug|Default.ActiveCfg = Debug
		{A5EAA82B-E666-4324-9D4F-B28163223A73}.Debug|Default.Build.0 = Debug
		{A5EAA82B-E666-4324-9D4F-B28163223A73}.Debug|Default.Deploy.0 = Debug
		{A5EAA82B-E666-4324-9D4F-B28163223A73}.DebugLocal|Default.ActiveCfg = DebugLocal
		{A5EAA82B-E666-4324-9D4F-B28163223A73}.DebugLocal|Default.Build.0 = DebugLocal
		{A5EAA82B-E666-4324-9D4F-B28163223A73}.Release|Default.ActiveCfg = Release
		{A5EAA82B-E666-4324-9D4F-B28163223A73}.Release|Default.Build.0 = Release
		{A5EAA82B-E666-4324-9D4F-B28163223A73}.Release|Default.Deploy.0 = Release
	EndGlobalSection
	GlobalSection(SolutionProperties) = preSolution
		HideSolutionNode = FALSE
	EndGlobalSection
EndGlobal
